
Microsoft Visual Studio Solution File, Format Version 12.00
# Visual Studio Version 17
VisualStudioVersion = 17.9.34607.119
MinimumVisualStudioVersion = 10.0.40219.1
Project("{FAE04EC0-301F-11D3-BF4B-00C04F79EFBC}") = "MyFirtsWebApp", "MyFirtsWebApp.csproj", "{F2891183-A349-4AB9-9EEE-C7EFD92751EF}"
EndProject
Global
	GlobalSection(SolutionConfigurationPlatforms) = preSolution
		Debug|Any CPU = Debug|Any CPU
		Release|Any CPU = Release|Any CPU
	EndGlobalSection
	GlobalSection(ProjectConfigurationPlatforms) = postSolution
		{F2891183-A349-4AB9-9EEE-C7EFD92751EF}.Debug|Any CPU.ActiveCfg = Debug|Any CPU
		{F2891183-A349-4AB9-9EEE-C7EFD92751EF}.Debug|Any CPU.Build.0 = Debug|Any CPU
		{F2891183-A349-4AB9-9EEE-C7EFD92751EF}.Release|Any CPU.ActiveCfg = Release|Any CPU
		{F2891183-A349-4AB9-9EEE-C7EFD92751EF}.Release|Any CPU.Build.0 = Release|Any CPU
	EndGlobalSection
	GlobalSection(SolutionProperties) = preSolution
		HideSolutionNode = FALSE
	EndGlobalSection
	GlobalSection(ExtensibilityGlobals) = postSolution
		SolutionGuid = {62DB3359-8EBF-4E9A-AA62-9E2089268F2B}
	EndGlobalSection
EndGlobal
